
Microsoft Visual Studio Solution File, Format Version 12.00
# Visual Studio Version 16
VisualStudioVersion = 16.0.29020.237
MinimumVisualStudioVersion = 10.0.40219.1
Project("{9A19103F-16F7-4668-BE54-9A1E7A4F7556}") = "JobApplicationAPI.Controllers", "JobApplicationAPI.Controllers\JobApplicationAPI.Controllers.csproj", "{E75FD899-4DD0-4113-953E-27E26BE769B3}"
EndProject
Project("{9A19103F-16F7-4668-BE54-9A1E7A4F7556}") = "JobApplicationAPI.Tests", "JobApplicationAPI.Tests\JobApplicationAPI.Tests.csproj", "{801B9D5C-1145-4BDD-9874-106B40CAF8ED}"
EndProject
Global
	GlobalSection(SolutionConfigurationPlatforms) = preSolution
		Debug|Any CPU = Debug|Any CPU
		Release|Any CPU = Release|Any CPU
	EndGlobalSection
	GlobalSection(ProjectConfigurationPlatforms) = postSolution
		{E75FD899-4DD0-4113-953E-27E26BE769B3}.Debug|Any CPU.ActiveCfg = Debug|Any CPU
		{E75FD899-4DD0-4113-953E-27E26BE769B3}.Debug|Any CPU.Build.0 = Debug|Any CPU
		{E75FD899-4DD0-4113-953E-27E26BE769B3}.Release|Any CPU.ActiveCfg = Release|Any CPU
		{E75FD899-4DD0-4113-953E-27E26BE769B3}.Release|Any CPU.Build.0 = Release|Any CPU
		{801B9D5C-1145-4BDD-9874-106B40CAF8ED}.Debug|Any CPU.ActiveCfg = Debug|Any CPU
		{801B9D5C-1145-4BDD-9874-106B40CAF8ED}.Debug|Any CPU.Build.0 = Debug|Any CPU
		{801B9D5C-1145-4BDD-9874-106B40CAF8ED}.Release|Any CPU.ActiveCfg = Release|Any CPU
		{801B9D5C-1145-4BDD-9874-106B40CAF8ED}.Release|Any CPU.Build.0 = Release|Any CPU
	EndGlobalSection
	GlobalSection(SolutionProperties) = preSolution
		HideSolutionNode = FALSE
	EndGlobalSection
	GlobalSection(ExtensibilityGlobals) = postSolution
		SolutionGuid = {2CA8CE28-905A-4DBD-B34E-F27CAC008023}
	EndGlobalSection
EndGlobal
