
Microsoft Visual Studio Solution File, Format Version 12.00
# Visual Studio Version 16
VisualStudioVersion = 16.0.29020.237
MinimumVisualStudioVersion = 10.0.40219.1
Project("{9A19103F-16F7-4668-BE54-9A1E7A4F7556}") = "JobApplicationAPI.Tests", "JobApplicationAPITests\JobApplicationAPI.Tests.csproj", "{90CDEB03-4A0F-4E4C-87C2-071323CDEB1E}"
EndProject
Project("{9A19103F-16F7-4668-BE54-9A1E7A4F7556}") = "JobApplicationAPI.Controllers", "JobApplication.Controllers\JobApplicationAPI.Controllers.csproj", "{52B10626-CBF2-4359-A0E9-5E909212B9A4}"
EndProject
Global
	GlobalSection(SolutionConfigurationPlatforms) = preSolution
		Debug|Any CPU = Debug|Any CPU
		Release|Any CPU = Release|Any CPU
	EndGlobalSection
	GlobalSection(ProjectConfigurationPlatforms) = postSolution
		{90CDEB03-4A0F-4E4C-87C2-071323CDEB1E}.Debug|Any CPU.ActiveCfg = Debug|Any CPU
		{90CDEB03-4A0F-4E4C-87C2-071323CDEB1E}.Debug|Any CPU.Build.0 = Debug|Any CPU
		{90CDEB03-4A0F-4E4C-87C2-071323CDEB1E}.Release|Any CPU.ActiveCfg = Release|Any CPU
		{90CDEB03-4A0F-4E4C-87C2-071323CDEB1E}.Release|Any CPU.Build.0 = Release|Any CPU
		{52B10626-CBF2-4359-A0E9-5E909212B9A4}.Debug|Any CPU.ActiveCfg = Debug|Any CPU
		{52B10626-CBF2-4359-A0E9-5E909212B9A4}.Debug|Any CPU.Build.0 = Debug|Any CPU
		{52B10626-CBF2-4359-A0E9-5E909212B9A4}.Release|Any CPU.ActiveCfg = Release|Any CPU
		{52B10626-CBF2-4359-A0E9-5E909212B9A4}.Release|Any CPU.Build.0 = Release|Any CPU
	EndGlobalSection
	GlobalSection(SolutionProperties) = preSolution
		HideSolutionNode = FALSE
	EndGlobalSection
	GlobalSection(ExtensibilityGlobals) = postSolution
		SolutionGuid = {2CA8CE28-905A-4DBD-B34E-F27CAC008023}
	EndGlobalSection
EndGlobal
